// !$*UTF8*$!
{
	archiveVersion = 1;
	classes = {
	};
	objectVersion = 50;
	objects = {

/* Begin PBXBuildFile section */
		6B9DC38325B9C6DA00FD5835 /* TeaTimerApp.swift in Sources */ = {isa = PBXBuildFile; fileRef = 6B9DC38225B9C6DA00FD5835 /* TeaTimerApp.swift */; };
		6B9DC38525B9C6DA00FD5835 /* ContentView.swift in Sources */ = {isa = PBXBuildFile; fileRef = 6B9DC38425B9C6DA00FD5835 /* ContentView.swift */; };
		6B9DC38725B9C6DB00FD5835 /* Assets.xcassets in Resources */ = {isa = PBXBuildFile; fileRef = 6B9DC38625B9C6DB00FD5835 /* Assets.xcassets */; };
		6B9DC38A25B9C6DB00FD5835 /* Preview Assets.xcassets in Resources */ = {isa = PBXBuildFile; fileRef = 6B9DC38925B9C6DB00FD5835 /* Preview Assets.xcassets */; };
		6B9DC39525B9C6DB00FD5835 /* TeaTimerTests.swift in Sources */ = {isa = PBXBuildFile; fileRef = 6B9DC39425B9C6DB00FD5835 /* TeaTimerTests.swift */; };
		6B9DC3A025B9C6DB00FD5835 /* TeaTimerUITests.swift in Sources */ = {isa = PBXBuildFile; fileRef = 6B9DC39F25B9C6DB00FD5835 /* TeaTimerUITests.swift */; };
/* End PBXBuildFile section */

/* Begin PBXContainerItemProxy section */
		6B9DC39125B9C6DB00FD5835 /* PBXContainerItemProxy */ = {
			isa = PBXContainerItemProxy;
			containerPortal = 6B9DC37725B9C6DA00FD5835 /* Project object */;
			proxyType = 1;
			remoteGlobalIDString = 6B9DC37E25B9C6DA00FD5835;
			remoteInfo = TeaTimer;
		};
		6B9DC39C25B9C6DB00FD5835 /* PBXContainerItemProxy */ = {
			isa = PBXContainerItemProxy;
			containerPortal = 6B9DC37725B9C6DA00FD5835 /* Project object */;
			proxyType = 1;
			remoteGlobalIDString = 6B9DC37E25B9C6DA00FD5835;
			remoteInfo = TeaTimer;
		};
/* End PBXContainerItemProxy section */

/* Begin PBXFileReference section */
		6B9DC37F25B9C6DA00FD5835 /* TeaTimer.app */ = {isa = PBXFileReference; explicitFileType = wrapper.application; includeInIndex = 0; path = TeaTimer.app; sourceTree = BUILT_PRODUCTS_DIR; };
		6B9DC38225B9C6DA00FD5835 /* TeaTimerApp.swift */ = {isa = PBXFileReference; lastKnownFileType = sourcecode.swift; path = TeaTimerApp.swift; sourceTree = "<group>"; };
		6B9DC38425B9C6DA00FD5835 /* ContentView.swift */ = {isa = PBXFileReference; lastKnownFileType = sourcecode.swift; path = ContentView.swift; sourceTree = "<group>"; };
		6B9DC38625B9C6DB00FD5835 /* Assets.xcassets */ = {isa = PBXFileReference; lastKnownFileType = folder.assetcatalog; path = Assets.xcassets; sourceTree = "<group>"; };
		6B9DC38925B9C6DB00FD5835 /* Preview Assets.xcassets */ = {isa = PBXFileReference; lastKnownFileType = folder.assetcatalog; path = "Preview Assets.xcassets"; sourceTree = "<group>"; };
		6B9DC38B25B9C6DB00FD5835 /* Info.plist */ = {isa = PBXFileReference; lastKnownFileType = text.plist.xml; path = Info.plist; sourceTree = "<group>"; };
		6B9DC39025B9C6DB00FD5835 /* TeaTimerTests.xctest */ = {isa = PBXFileReference; explicitFileType = wrapper.cfbundle; includeInIndex = 0; path = TeaTimerTests.xctest; sourceTree = BUILT_PRODUCTS_DIR; };
		6B9DC39425B9C6DB00FD5835 /* TeaTimerTests.swift */ = {isa = PBXFileReference; lastKnownFileType = sourcecode.swift; path = TeaTimerTests.swift; sourceTree = "<group>"; };
		6B9DC39625B9C6DB00FD5835 /* Info.plist */ = {isa = PBXFileReference; lastKnownFileType = text.plist.xml; path = Info.plist; sourceTree = "<group>"; };
		6B9DC39B25B9C6DB00FD5835 /* TeaTimerUITests.xctest */ = {isa = PBXFileReference; explicitFileType = wrapper.cfbundle; includeInIndex = 0; path = TeaTimerUITests.xctest; sourceTree = BUILT_PRODUCTS_DIR; };
		6B9DC39F25B9C6DB00FD5835 /* TeaTimerUITests.swift */ = {isa = PBXFileReference; lastKnownFileType = sourcecode.swift; path = TeaTimerUITests.swift; sourceTree = "<group>"; };
		6B9DC3A125B9C6DB00FD5835 /* Info.plist */ = {isa = PBXFileReference; lastKnownFileType = text.plist.xml; path = Info.plist; sourceTree = "<group>"; };
/* End PBXFileReference section */

/* Begin PBXFrameworksBuildPhase section */
		6B9DC37C25B9C6DA00FD5835 /* Frameworks */ = {
			isa = PBXFrameworksBuildPhase;
			buildActionMask = 2147483647;
			files = (
			);
			runOnlyForDeploymentPostprocessing = 0;
		};
		6B9DC38D25B9C6DB00FD5835 /* Frameworks */ = {
			isa = PBXFrameworksBuildPhase;
			buildActionMask = 2147483647;
			files = (
			);
			runOnlyForDeploymentPostprocessing = 0;
		};
		6B9DC39825B9C6DB00FD5835 /* Frameworks */ = {
			isa = PBXFrameworksBuildPhase;
			buildActionMask = 2147483647;
			files = (
			);
			runOnlyForDeploymentPostprocessing = 0;
		};
/* End PBXFrameworksBuildPhase section */

/* Begin PBXGroup section */
		6B9DC37625B9C6DA00FD5835 = {
			isa = PBXGroup;
			children = (
				6B9DC38125B9C6DA00FD5835 /* TeaTimer */,
				6B9DC39325B9C6DB00FD5835 /* TeaTimerTests */,
				6B9DC39E25B9C6DB00FD5835 /* TeaTimerUITests */,
				6B9DC38025B9C6DA00FD5835 /* Products */,
			);
			sourceTree = "<group>";
		};
		6B9DC38025B9C6DA00FD5835 /* Products */ = {
			isa = PBXGroup;
			children = (
				6B9DC37F25B9C6DA00FD5835 /* TeaTimer.app */,
				6B9DC39025B9C6DB00FD5835 /* TeaTimerTests.xctest */,
				6B9DC39B25B9C6DB00FD5835 /* TeaTimerUITests.xctest */,
			);
			name = Products;
			sourceTree = "<group>";
		};
		6B9DC38125B9C6DA00FD5835 /* TeaTimer */ = {
			isa = PBXGroup;
			children = (
				6B9DC38225B9C6DA00FD5835 /* TeaTimerApp.swift */,
				6B9DC38425B9C6DA00FD5835 /* ContentView.swift */,
				6B9DC38625B9C6DB00FD5835 /* Assets.xcassets */,
				6B9DC38B25B9C6DB00FD5835 /* Info.plist */,
				6B9DC38825B9C6DB00FD5835 /* Preview Content */,
			);
			path = TeaTimer;
			sourceTree = "<group>";
		};
		6B9DC38825B9C6DB00FD5835 /* Preview Content */ = {
			isa = PBXGroup;
			children = (
				6B9DC38925B9C6DB00FD5835 /* Preview Assets.xcassets */,
			);
			path = "Preview Content";
			sourceTree = "<group>";
		};
		6B9DC39325B9C6DB00FD5835 /* TeaTimerTests */ = {
			isa = PBXGroup;
			children = (
				6B9DC39425B9C6DB00FD5835 /* TeaTimerTests.swift */,
				6B9DC39625B9C6DB00FD5835 /* Info.plist */,
			);
			path = TeaTimerTests;
			sourceTree = "<group>";
		};
		6B9DC39E25B9C6DB00FD5835 /* TeaTimerUITests */ = {
			isa = PBXGroup;
			children = (
				6B9DC39F25B9C6DB00FD5835 /* TeaTimerUITests.swift */,
				6B9DC3A125B9C6DB00FD5835 /* Info.plist */,
			);
			path = TeaTimerUITests;
			sourceTree = "<group>";
		};
/* End PBXGroup section */

/* Begin PBXNativeTarget section */
		6B9DC37E25B9C6DA00FD5835 /* TeaTimer */ = {
			isa = PBXNativeTarget;
			buildConfigurationList = 6B9DC3A425B9C6DB00FD5835 /* Build configuration list for PBXNativeTarget "TeaTimer" */;
			buildPhases = (
				6B9DC37B25B9C6DA00FD5835 /* Sources */,
				6B9DC37C25B9C6DA00FD5835 /* Frameworks */,
				6B9DC37D25B9C6DA00FD5835 /* Resources */,
			);
			buildRules = (
			);
			dependencies = (
			);
			name = TeaTimer;
			productName = TeaTimer;
			productReference = 6B9DC37F25B9C6DA00FD5835 /* TeaTimer.app */;
			productType = "com.apple.product-type.application";
		};
		6B9DC38F25B9C6DB00FD5835 /* TeaTimerTests */ = {
			isa = PBXNativeTarget;
			buildConfigurationList = 6B9DC3A725B9C6DB00FD5835 /* Build configuration list for PBXNativeTarget "TeaTimerTests" */;
			buildPhases = (
				6B9DC38C25B9C6DB00FD5835 /* Sources */,
				6B9DC38D25B9C6DB00FD5835 /* Frameworks */,
				6B9DC38E25B9C6DB00FD5835 /* Resources */,
			);
			buildRules = (
			);
			dependencies = (
				6B9DC39225B9C6DB00FD5835 /* PBXTargetDependency */,
			);
			name = TeaTimerTests;
			productName = TeaTimerTests;
			productReference = 6B9DC39025B9C6DB00FD5835 /* TeaTimerTests.xctest */;
			productType = "com.apple.product-type.bundle.unit-test";
		};
		6B9DC39A25B9C6DB00FD5835 /* TeaTimerUITests */ = {
			isa = PBXNativeTarget;
			buildConfigurationList = 6B9DC3AA25B9C6DB00FD5835 /* Build configuration list for PBXNativeTarget "TeaTimerUITests" */;
			buildPhases = (
				6B9DC39725B9C6DB00FD5835 /* Sources */,
				6B9DC39825B9C6DB00FD5835 /* Frameworks */,
				6B9DC39925B9C6DB00FD5835 /* Resources */,
			);
			buildRules = (
			);
			dependencies = (
				6B9DC39D25B9C6DB00FD5835 /* PBXTargetDependency */,
			);
			name = TeaTimerUITests;
			productName = TeaTimerUITests;
			productReference = 6B9DC39B25B9C6DB00FD5835 /* TeaTimerUITests.xctest */;
			productType = "com.apple.product-type.bundle.ui-testing";
		};
/* End PBXNativeTarget section */

/* Begin PBXProject section */
		6B9DC37725B9C6DA00FD5835 /* Project object */ = {
			isa = PBXProject;
			attributes = {
				LastSwiftUpdateCheck = 1230;
				LastUpgradeCheck = 1230;
				TargetAttributes = {
					6B9DC37E25B9C6DA00FD5835 = {
						CreatedOnToolsVersion = 12.3;
					};
					6B9DC38F25B9C6DB00FD5835 = {
						CreatedOnToolsVersion = 12.3;
						TestTargetID = 6B9DC37E25B9C6DA00FD5835;
					};
					6B9DC39A25B9C6DB00FD5835 = {
						CreatedOnToolsVersion = 12.3;
						TestTargetID = 6B9DC37E25B9C6DA00FD5835;
					};
				};
			};
			buildConfigurationList = 6B9DC37A25B9C6DA00FD5835 /* Build configuration list for PBXProject "TeaTimer" */;
			compatibilityVersion = "Xcode 9.3";
			developmentRegion = en;
			hasScannedForEncodings = 0;
			knownRegions = (
				en,
				Base,
			);
			mainGroup = 6B9DC37625B9C6DA00FD5835;
			productRefGroup = 6B9DC38025B9C6DA00FD5835 /* Products */;
			projectDirPath = "";
			projectRoot = "";
			targets = (
				6B9DC37E25B9C6DA00FD5835 /* TeaTimer */,
				6B9DC38F25B9C6DB00FD5835 /* TeaTimerTests */,
				6B9DC39A25B9C6DB00FD5835 /* TeaTimerUITests */,
			);
		};
/* End PBXProject section */

/* Begin PBXResourcesBuildPhase section */
		6B9DC37D25B9C6DA00FD5835 /* Resources */ = {
			isa = PBXResourcesBuildPhase;
			buildActionMask = 2147483647;
			files = (
				6B9DC38A25B9C6DB00FD5835 /* Preview Assets.xcassets in Resources */,
				6B9DC38725B9C6DB00FD5835 /* Assets.xcassets in Resources */,
			);
			runOnlyForDeploymentPostprocessing = 0;
		};
		6B9DC38E25B9C6DB00FD5835 /* Resources */ = {
			isa = PBXResourcesBuildPhase;
			buildActionMask = 2147483647;
			files = (
			);
			runOnlyForDeploymentPostprocessing = 0;
		};
		6B9DC39925B9C6DB00FD5835 /* Resources */ = {
			isa = PBXResourcesBuildPhase;
			buildActionMask = 2147483647;
			files = (
			);
			runOnlyForDeploymentPostprocessing = 0;
		};
/* End PBXResourcesBuildPhase section */

/* Begin PBXSourcesBuildPhase section */
		6B9DC37B25B9C6DA00FD5835 /* Sources */ = {
			isa = PBXSourcesBuildPhase;
			buildActionMask = 2147483647;
			files = (
				6B9DC38525B9C6DA00FD5835 /* ContentView.swift in Sources */,
				6B9DC38325B9C6DA00FD5835 /* TeaTimerApp.swift in Sources */,
			);
			runOnlyForDeploymentPostprocessing = 0;
		};
		6B9DC38C25B9C6DB00FD5835 /* Sources */ = {
			isa = PBXSourcesBuildPhase;
			buildActionMask = 2147483647;
			files = (
				6B9DC39525B9C6DB00FD5835 /* TeaTimerTests.swift in Sources */,
			);
			runOnlyForDeploymentPostprocessing = 0;
		};
		6B9DC39725B9C6DB00FD5835 /* Sources */ = {
			isa = PBXSourcesBuildPhase;
			buildActionMask = 2147483647;
			files = (
				6B9DC3A025B9C6DB00FD5835 /* TeaTimerUITests.swift in Sources */,
			);
			runOnlyForDeploymentPostprocessing = 0;
		};
/* End PBXSourcesBuildPhase section */

/* Begin PBXTargetDependency section */
		6B9DC39225B9C6DB00FD5835 /* PBXTargetDependency */ = {
			isa = PBXTargetDependency;
			target = 6B9DC37E25B9C6DA00FD5835 /* TeaTimer */;
			targetProxy = 6B9DC39125B9C6DB00FD5835 /* PBXContainerItemProxy */;
		};
		6B9DC39D25B9C6DB00FD5835 /* PBXTargetDependency */ = {
			isa = PBXTargetDependency;
			target = 6B9DC37E25B9C6DA00FD5835 /* TeaTimer */;
			targetProxy = 6B9DC39C25B9C6DB00FD5835 /* PBXContainerItemProxy */;
		};
/* End PBXTargetDependency section */

/* Begin XCBuildConfiguration section */
		6B9DC3A225B9C6DB00FD5835 /* Debug */ = {
			isa = XCBuildConfiguration;
			buildSettings = {
				ALWAYS_SEARCH_USER_PATHS = NO;
				CLANG_ANALYZER_NONNULL = YES;
				CLANG_ANALYZER_NUMBER_OBJECT_CONVERSION = YES_AGGRESSIVE;
				CLANG_CXX_LANGUAGE_STANDARD = "gnu++14";
				CLANG_CXX_LIBRARY = "libc++";
				CLANG_ENABLE_MODULES = YES;
				CLANG_ENABLE_OBJC_ARC = YES;
				CLANG_ENABLE_OBJC_WEAK = YES;
				CLANG_WARN_BLOCK_CAPTURE_AUTORELEASING = YES;
				CLANG_WARN_BOOL_CONVERSION = YES;
				CLANG_WARN_COMMA = YES;
				CLANG_WARN_CONSTANT_CONVERSION = YES;
				CLANG_WARN_DEPRECATED_OBJC_IMPLEMENTATIONS = YES;
				CLANG_WARN_DIRECT_OBJC_ISA_USAGE = YES_ERROR;
				CLANG_WARN_DOCUMENTATION_COMMENTS = YES;
				CLANG_WARN_EMPTY_BODY = YES;
				CLANG_WARN_ENUM_CONVERSION = YES;
				CLANG_WARN_INFINITE_RECURSION = YES;
				CLANG_WARN_INT_CONVERSION = YES;
				CLANG_WARN_NON_LITERAL_NULL_CONVERSION = YES;
				CLANG_WARN_OBJC_IMPLICIT_RETAIN_SELF = YES;
				CLANG_WARN_OBJC_LITERAL_CONVERSION = YES;
				CLANG_WARN_OBJC_ROOT_CLASS = YES_ERROR;
				CLANG_WARN_QUOTED_INCLUDE_IN_FRAMEWORK_HEADER = YES;
				CLANG_WARN_RANGE_LOOP_ANALYSIS = YES;
				CLANG_WARN_STRICT_PROTOTYPES = YES;
				CLANG_WARN_SUSPICIOUS_MOVE = YES;
				CLANG_WARN_UNGUARDED_AVAILABILITY = YES_AGGRESSIVE;
				CLANG_WARN_UNREACHABLE_CODE = YES;
				CLANG_WARN__DUPLICATE_METHOD_MATCH = YES;
				COPY_PHASE_STRIP = NO;
				DEBUG_INFORMATION_FORMAT = dwarf;
				ENABLE_STRICT_OBJC_MSGSEND = YES;
				ENABLE_TESTABILITY = YES;
				GCC_C_LANGUAGE_STANDARD = gnu11;
				GCC_DYNAMIC_NO_PIC = NO;
				GCC_NO_COMMON_BLOCKS = YES;
				GCC_OPTIMIZATION_LEVEL = 0;
				GCC_PREPROCESSOR_DEFINITIONS = (
					"DEBUG=1",
					"$(inherited)",
				);
				GCC_WARN_64_TO_32_BIT_CONVERSION = YES;
				GCC_WARN_ABOUT_RETURN_TYPE = YES_ERROR;
				GCC_WARN_UNDECLARED_SELECTOR = YES;
				GCC_WARN_UNINITIALIZED_AUTOS = YES_AGGRESSIVE;
				GCC_WARN_UNUSED_FUNCTION = YES;
				GCC_WARN_UNUSED_VARIABLE = YES;
				IPHONEOS_DEPLOYMENT_TARGET = 14.3;
				MTL_ENABLE_DEBUG_INFO = INCLUDE_SOURCE;
				MTL_FAST_MATH = YES;
				ONLY_ACTIVE_ARCH = YES;
				SDKROOT = iphoneos;
				SWIFT_ACTIVE_COMPILATION_CONDITIONS = DEBUG;
				SWIFT_OPTIMIZATION_LEVEL = "-Onone";
			};
			name = Debug;
		};
		6B9DC3A325B9C6DB00FD5835 /* Release */ = {
			isa = XCBuildConfiguration;
			buildSettings = {
				ALWAYS_SEARCH_USER_PATHS = NO;
				CLANG_ANALYZER_NONNULL = YES;
				CLANG_ANALYZER_NUMBER_OBJECT_CONVERSION = YES_AGGRESSIVE;
				CLANG_CXX_LANGUAGE_STANDARD = "gnu++14";
				CLANG_CXX_LIBRARY = "libc++";
				CLANG_ENABLE_MODULES = YES;
				CLANG_ENABLE_OBJC_ARC = YES;
				CLANG_ENABLE_OBJC_WEAK = YES;
				CLANG_WARN_BLOCK_CAPTURE_AUTORELEASING = YES;
				CLANG_WARN_BOOL_CONVERSION = YES;
				CLANG_WARN_COMMA = YES;
				CLANG_WARN_CONSTANT_CONVERSION = YES;
				CLANG_WARN_DEPRECATED_OBJC_IMPLEMENTATIONS = YES;
				CLANG_WARN_DIRECT_OBJC_ISA_USAGE = YES_ERROR;
				CLANG_WARN_DOCUMENTATION_COMMENTS = YES;
				CLANG_WARN_EMPTY_BODY = YES;
				CLANG_WARN_ENUM_CONVERSION = YES;
				CLANG_WARN_INFINITE_RECURSION = YES;
				CLANG_WARN_INT_CONVERSION = YES;
				CLANG_WARN_NON_LITERAL_NULL_CONVERSION = YES;
				CLANG_WARN_OBJC_IMPLICIT_RETAIN_SELF = YES;
				CLANG_WARN_OBJC_LITERAL_CONVERSION = YES;
				CLANG_WARN_OBJC_ROOT_CLASS = YES_ERROR;
				CLANG_WARN_QUOTED_INCLUDE_IN_FRAMEWORK_HEADER = YES;
				CLANG_WARN_RANGE_LOOP_ANALYSIS = YES;
				CLANG_WARN_STRICT_PROTOTYPES = YES;
				CLANG_WARN_SUSPICIOUS_MOVE = YES;
				CLANG_WARN_UNGUARDED_AVAILABILITY = YES_AGGRESSIVE;
				CLANG_WARN_UNREACHABLE_CODE = YES;
				CLANG_WARN__DUPLICATE_METHOD_MATCH = YES;
				COPY_PHASE_STRIP = NO;
				DEBUG_INFORMATION_FORMAT = "dwarf-with-dsym";
				ENABLE_NS_ASSERTIONS = NO;
				ENABLE_STRICT_OBJC_MSGSEND = YES;
				GCC_C_LANGUAGE_STANDARD = gnu11;
				GCC_NO_COMMON_BLOCKS = YES;
				GCC_WARN_64_TO_32_BIT_CONVERSION = YES;
				GCC_WARN_ABOUT_RETURN_TYPE = YES_ERROR;
				GCC_WARN_UNDECLARED_SELECTOR = YES;
				GCC_WARN_UNINITIALIZED_AUTOS = YES_AGGRESSIVE;
				GCC_WARN_UNUSED_FUNCTION = YES;
				GCC_WARN_UNUSED_VARIABLE = YES;
				IPHONEOS_DEPLOYMENT_TARGET = 14.3;
				MTL_ENABLE_DEBUG_INFO = NO;
				MTL_FAST_MATH = YES;
				SDKROOT = iphoneos;
				SWIFT_COMPILATION_MODE = wholemodule;
				SWIFT_OPTIMIZATION_LEVEL = "-O";
				VALIDATE_PRODUCT = YES;
			};
			name = Release;
		};
		6B9DC3A525B9C6DB00FD5835 /* Debug */ = {
			isa = XCBuildConfiguration;
			buildSettings = {
				ASSETCATALOG_COMPILER_APPICON_NAME = AppIcon;
				ASSETCATALOG_COMPILER_GLOBAL_ACCENT_COLOR_NAME = AccentColor;
				CODE_SIGN_STYLE = Automatic;
				DEVELOPMENT_ASSET_PATHS = "\"TeaTimer/Preview Content\"";
				DEVELOPMENT_TEAM = D47C2NZJN5;
				ENABLE_PREVIEWS = YES;
				INFOPLIST_FILE = TeaTimer/Info.plist;
				IPHONEOS_DEPLOYMENT_TARGET = 14.0;
				LD_RUNPATH_SEARCH_PATHS = (
					"$(inherited)",
					"@executable_path/Frameworks",
				);
				PRODUCT_BUNDLE_IDENTIFIER = Matthew.Garlington.TeaTimer;
				PRODUCT_NAME = "$(TARGET_NAME)";
				SWIFT_VERSION = 5.0;
				TARGETED_DEVICE_FAMILY = "1,2";
			};
			name = Debug;
		};
		6B9DC3A625B9C6DB00FD5835 /* Release */ = {
			isa = XCBuildConfiguration;
			buildSettings = {
				ASSETCATALOG_COMPILER_APPICON_NAME = AppIcon;
				ASSETCATALOG_COMPILER_GLOBAL_ACCENT_COLOR_NAME = AccentColor;
				CODE_SIGN_STYLE = Automatic;
				DEVELOPMENT_ASSET_PATHS = "\"TeaTimer/Preview Content\"";
				DEVELOPMENT_TEAM = D47C2NZJN5;
				ENABLE_PREVIEWS = YES;
				INFOPLIST_FILE = TeaTimer/Info.plist;
				IPHONEOS_DEPLOYMENT_TARGET = 14.0;
				LD_RUNPATH_SEARCH_PATHS = (
					"$(inherited)",
					"@executable_path/Frameworks",
				);
				PRODUCT_BUNDLE_IDENTIFIER = Matthew.Garlington.TeaTimer;
				PRODUCT_NAME = "$(TARGET_NAME)";
				SWIFT_VERSION = 5.0;
				TARGETED_DEVICE_FAMILY = "1,2";
			};
			name = Release;
		};
		6B9DC3A825B9C6DB00FD5835 /* Debug */ = {
			isa = XCBuildConfiguration;
			buildSettings = {
				ALWAYS_EMBED_SWIFT_STANDARD_LIBRARIES = YES;
				BUNDLE_LOADER = "$(TEST_HOST)";
				CODE_SIGN_STYLE = Automatic;
				DEVELOPMENT_TEAM = D47C2NZJN5;
				INFOPLIST_FILE = TeaTimerTests/Info.plist;
				IPHONEOS_DEPLOYMENT_TARGET = 14.0;
				LD_RUNPATH_SEARCH_PATHS = (
					"$(inherited)",
					"@executable_path/Frameworks",
					"@loader_path/Frameworks",
				);
				PRODUCT_BUNDLE_IDENTIFIER = Matthew.Garlington.TeaTimerTests;
				PRODUCT_NAME = "$(TARGET_NAME)";
				SWIFT_VERSION = 5.0;
				TARGETED_DEVICE_FAMILY = "1,2";
				TEST_HOST = "$(BUILT_PRODUCTS_DIR)/TeaTimer.app/TeaTimer";
			};
			name = Debug;
		};
		6B9DC3A925B9C6DB00FD5835 /* Release */ = {
			isa = XCBuildConfiguration;
			buildSettings = {
				ALWAYS_EMBED_SWIFT_STANDARD_LIBRARIES = YES;
				BUNDLE_LOADER = "$(TEST_HOST)";
				CODE_SIGN_STYLE = Automatic;
				DEVELOPMENT_TEAM = D47C2NZJN5;
				INFOPLIST_FILE = TeaTimerTests/Info.plist;
				IPHONEOS_DEPLOYMENT_TARGET = 14.0;
				LD_RUNPATH_SEARCH_PATHS = (
					"$(inherited)",
					"@executable_path/Frameworks",
					"@loader_path/Frameworks",
				);
				PRODUCT_BUNDLE_IDENTIFIER = Matthew.Garlington.TeaTimerTests;
				PRODUCT_NAME = "$(TARGET_NAME)";
				SWIFT_VERSION = 5.0;
				TARGETED_DEVICE_FAMILY = "1,2";
				TEST_HOST = "$(BUILT_PRODUCTS_DIR)/TeaTimer.app/TeaTimer";
			};
			name = Release;
		};
		6B9DC3AB25B9C6DB00FD5835 /* Debug */ = {
			isa = XCBuildConfiguration;
			buildSettings = {
				ALWAYS_EMBED_SWIFT_STANDARD_LIBRARIES = YES;
				CODE_SIGN_STYLE = Automatic;
				DEVELOPMENT_TEAM = D47C2NZJN5;
				INFOPLIST_FILE = TeaTimerUITests/Info.plist;
				LD_RUNPATH_SEARCH_PATHS = (
					"$(inherited)",
					"@executable_path/Frameworks",
					"@loader_path/Frameworks",
				);
				PRODUCT_BUNDLE_IDENTIFIER = Matthew.Garlington.TeaTimerUITests;
				PRODUCT_NAME = "$(TARGET_NAME)";
				SWIFT_VERSION = 5.0;
				TARGETED_DEVICE_FAMILY = "1,2";
				TEST_TARGET_NAME = TeaTimer;
			};
			name = Debug;
		};
		6B9DC3AC25B9C6DB00FD5835 /* Release */ = {
			isa = XCBuildConfiguration;
			buildSettings = {
				ALWAYS_EMBED_SWIFT_STANDARD_LIBRARIES = YES;
				CODE_SIGN_STYLE = Automatic;
				DEVELOPMENT_TEAM = D47C2NZJN5;
				INFOPLIST_FILE = TeaTimerUITests/Info.plist;
				LD_RUNPATH_SEARCH_PATHS = (
					"$(inherited)",
					"@executable_path/Frameworks",
					"@loader_path/Frameworks",
				);
				PRODUCT_BUNDLE_IDENTIFIER = Matthew.Garlington.TeaTimerUITests;
				PRODUCT_NAME = "$(TARGET_NAME)";
				SWIFT_VERSION = 5.0;
				TARGETED_DEVICE_FAMILY = "1,2";
				TEST_TARGET_NAME = TeaTimer;
			};
			name = Release;
		};
/* End XCBuildConfiguration section */

/* Begin XCConfigurationList section */
		6B9DC37A25B9C6DA00FD5835 /* Build configuration list for PBXProject "TeaTimer" */ = {
			isa = XCConfigurationList;
			buildConfigurations = (
				6B9DC3A225B9C6DB00FD5835 /* Debug */,
				6B9DC3A325B9C6DB00FD5835 /* Release */,
			);
			defaultConfigurationIsVisible = 0;
			defaultConfigurationName = Release;
		};
		6B9DC3A425B9C6DB00FD5835 /* Build configuration list for PBXNativeTarget "TeaTimer" */ = {
			isa = XCConfigurationList;
			buildConfigurations = (
				6B9DC3A525B9C6DB00FD5835 /* Debug */,
				6B9DC3A625B9C6DB00FD5835 /* Release */,
			);
			defaultConfigurationIsVisible = 0;
			defaultConfigurationName = Release;
		};
		6B9DC3A725B9C6DB00FD5835 /* Build configuration list for PBXNativeTarget "TeaTimerTests" */ = {
			isa = XCConfigurationList;
			buildConfigurations = (
				6B9DC3A825B9C6DB00FD5835 /* Debug */,
				6B9DC3A925B9C6DB00FD5835 /* Release */,
			);
			defaultConfigurationIsVisible = 0;
			defaultConfigurationName = Release;
		};
		6B9DC3AA25B9C6DB00FD5835 /* Build configuration list for PBXNativeTarget "TeaTimerUITests" */ = {
			isa = XCConfigurationList;
			buildConfigurations = (
				6B9DC3AB25B9C6DB00FD5835 /* Debug */,
				6B9DC3AC25B9C6DB00FD5835 /* Release */,
			);
			defaultConfigurationIsVisible = 0;
			defaultConfigurationName = Release;
		};
/* End XCConfigurationList section */
	};
	rootObject = 6B9DC37725B9C6DA00FD5835 /* Project object */;
}
